// !$*UTF8*$!
{
	archiveVersion = 1;
	classes = {
	};
	objectVersion = 46;
	objects = {

/* Begin PBXBuildFile section */
		997EDD3D1D2B797900675BC2 /* FJFQRCode.h in CopyFiles */ = {isa = PBXBuildFile; fileRef = 997EDD3C1D2B797900675BC2 /* FJFQRCode.h */; };
		997EDD3F1D2B797900675BC2 /* FJFQRCode.m in Sources */ = {isa = PBXBuildFile; fileRef = 997EDD3E1D2B797900675BC2 /* FJFQRCode.m */; };
/* End PBXBuildFile section */

/* Begin PBXCopyFilesBuildPhase section */
		997EDD371D2B797900675BC2 /* CopyFiles */ = {
			isa = PBXCopyFilesBuildPhase;
			buildActionMask = 2147483647;
			dstPath = "include/$(PRODUCT_NAME)";
			dstSubfolderSpec = 16;
			files = (
				997EDD3D1D2B797900675BC2 /* FJFQRCode.h in CopyFiles */,
			);
			runOnlyForDeploymentPostprocessing = 0;
		};
/* End PBXCopyFilesBuildPhase section */

/* Begin PBXFileReference section */
		997EDD391D2B797900675BC2 /* libFJFQRCode.a */ = {isa = PBXFileReference; explicitFileType = archive.ar; includeInIndex = 0; path = libFJFQRCode.a; sourceTree = BUILT_PRODUCTS_DIR; };
		997EDD3C1D2B797900675BC2 /* FJFQRCode.h */ = {isa = PBXFileReference; lastKnownFileType = sourcecode.c.h; path = FJFQRCode.h; sourceTree = "<group>"; };
		997EDD3E1D2B797900675BC2 /* FJFQRCode.m */ = {isa = PBXFileReference; lastKnownFileType = sourcecode.c.objc; path = FJFQRCode.m; sourceTree = "<group>"; };
		997EDD4E1D2BD34D00675BC2 /* Singleton.h */ = {isa = PBXFileReference; fileEncoding = 4; lastKnownFileType = sourcecode.c.h; path = Singleton.h; sourceTree = "<group>"; };
/* End PBXFileReference section */

/* Begin PBXFrameworksBuildPhase section */
		997EDD361D2B797900675BC2 /* Frameworks */ = {
			isa = PBXFrameworksBuildPhase;
			buildActionMask = 2147483647;
			files = (
			);
			runOnlyForDeploymentPostprocessing = 0;
		};
/* End PBXFrameworksBuildPhase section */

/* Begin PBXGroup section */
		997EDD301D2B797900675BC2 = {
			isa = PBXGroup;
			children = (
				997EDD3B1D2B797900675BC2 /* FJFQRCode */,
				997EDD3A1D2B797900675BC2 /* Products */,
			);
			sourceTree = "<group>";
		};
		997EDD3A1D2B797900675BC2 /* Products */ = {
			isa = PBXGroup;
			children = (
				997EDD391D2B797900675BC2 /* libFJFQRCode.a */,
			);
			name = Products;
			sourceTree = "<group>";
		};
		997EDD3B1D2B797900675BC2 /* FJFQRCode */ = {
			isa = PBXGroup;
			children = (
				997EDD3C1D2B797900675BC2 /* FJFQRCode.h */,
				997EDD3E1D2B797900675BC2 /* FJFQRCode.m */,
				997EDD4E1D2BD34D00675BC2 /* Singleton.h */,
			);
			path = FJFQRCode;
			sourceTree = "<group>";
		};
/* End PBXGroup section */

/* Begin PBXNativeTarget section */
		997EDD381D2B797900675BC2 /* FJFQRCode */ = {
			isa = PBXNativeTarget;
			buildConfigurationList = 997EDD421D2B797900675BC2 /* Build configuration list for PBXNativeTarget "FJFQRCode" */;
			buildPhases = (
				997EDD351D2B797900675BC2 /* Sources */,
				997EDD361D2B797900675BC2 /* Frameworks */,
				997EDD371D2B797900675BC2 /* CopyFiles */,
			);
			buildRules = (
			);
			dependencies = (
			);
			name = FJFQRCode;
			productName = FJFQRCode;
			productReference = 997EDD391D2B797900675BC2 /* libFJFQRCode.a */;
			productType = "com.apple.product-type.library.static";
		};
/* End PBXNativeTarget section */

/* Begin PBXProject section */
		997EDD311D2B797900675BC2 /* Project object */ = {
			isa = PBXProject;
			attributes = {
				LastUpgradeCheck = 0730;
				ORGANIZATIONNAME = FJF;
				TargetAttributes = {
					997EDD381D2B797900675BC2 = {
						CreatedOnToolsVersion = 7.3;
						DevelopmentTeam = 6WA7K389A4;
					};
				};
			};
			buildConfigurationList = 997EDD341D2B797900675BC2 /* Build configuration list for PBXProject "FJFQRCode" */;
			compatibilityVersion = "Xcode 3.2";
			developmentRegion = English;
			hasScannedForEncodings = 0;
			knownRegions = (
				en,
			);
			mainGroup = 997EDD301D2B797900675BC2;
			productRefGroup = 997EDD3A1D2B797900675BC2 /* Products */;
			projectDirPath = "";
			projectRoot = "";
			targets = (
				997EDD381D2B797900675BC2 /* FJFQRCode */,
			);
		};
/* End PBXProject section */

/* Begin PBXSourcesBuildPhase section */
		997EDD351D2B797900675BC2 /* Sources */ = {
			isa = PBXSourcesBuildPhase;
			buildActionMask = 2147483647;
			files = (
				997EDD3F1D2B797900675BC2 /* FJFQRCode.m in Sources */,
			);
			runOnlyForDeploymentPostprocessing = 0;
		};
/* End PBXSourcesBuildPhase section */

/* Begin XCBuildConfiguration section */
		997EDD401D2B797900675BC2 /* Debug */ = {
			isa = XCBuildConfiguration;
			buildSettings = {
				ALWAYS_SEARCH_USER_PATHS = NO;
				CLANG_ANALYZER_NONNULL = YES;
				CLANG_CXX_LANGUAGE_STANDARD = "gnu++0x";
				CLANG_CXX_LIBRARY = "libc++";
				CLANG_ENABLE_MODULES = YES;
				CLANG_ENABLE_OBJC_ARC = YES;
				CLANG_WARN_BOOL_CONVERSION = YES;
				CLANG_WARN_CONSTANT_CONVERSION = YES;
				CLANG_WARN_DIRECT_OBJC_ISA_USAGE = YES_ERROR;
				CLANG_WARN_EMPTY_BODY = YES;
				CLANG_WARN_ENUM_CONVERSION = YES;
				CLANG_WARN_INT_CONVERSION = YES;
				CLANG_WARN_OBJC_ROOT_CLASS = YES_ERROR;
				CLANG_WARN_UNREACHABLE_CODE = YES;
				CLANG_WARN__DUPLICATE_METHOD_MATCH = YES;
				"CODE_SIGN_IDENTITY[sdk=iphoneos*]" = "iPhone Developer";
				COPY_PHASE_STRIP = NO;
				DEBUG_INFORMATION_FORMAT = dwarf;
				ENABLE_STRICT_OBJC_MSGSEND = YES;
				ENABLE_TESTABILITY = YES;
				GCC_C_LANGUAGE_STANDARD = gnu99;
				GCC_DYNAMIC_NO_PIC = NO;
				GCC_NO_COMMON_BLOCKS = YES;
				GCC_OPTIMIZATION_LEVEL = 0;
				GCC_PREPROCESSOR_DEFINITIONS = (
					"DEBUG=1",
					"$(inherited)",
				);
				GCC_WARN_64_TO_32_BIT_CONVERSION = YES;
				GCC_WARN_ABOUT_RETURN_TYPE = YES_ERROR;
				GCC_WARN_UNDECLARED_SELECTOR = YES;
				GCC_WARN_UNINITIALIZED_AUTOS = YES_AGGRESSIVE;
				GCC_WARN_UNUSED_FUNCTION = YES;
				GCC_WARN_UNUSED_VARIABLE = YES;
				IPHONEOS_DEPLOYMENT_TARGET = 9.3;
				MTL_ENABLE_DEBUG_INFO = YES;
				ONLY_ACTIVE_ARCH = YES;
				SDKROOT = iphoneos;
			};
			name = Debug;
		};
		997EDD411D2B797900675BC2 /* Release */ = {
			isa = XCBuildConfiguration;
			buildSettings = {
				ALWAYS_SEARCH_USER_PATHS = NO;
				CLANG_ANALYZER_NONNULL = YES;
				CLANG_CXX_LANGUAGE_STANDARD = "gnu++0x";
				CLANG_CXX_LIBRARY = "libc++";
				CLANG_ENABLE_MODULES = YES;
				CLANG_ENABLE_OBJC_ARC = YES;
				CLANG_WARN_BOOL_CONVERSION = YES;
				CLANG_WARN_CONSTANT_CONVERSION = YES;
				CLANG_WARN_DIRECT_OBJC_ISA_USAGE = YES_ERROR;
				CLANG_WARN_EMPTY_BODY = YES;
				CLANG_WARN_ENUM_CONVERSION = YES;
				CLANG_WARN_INT_CONVERSION = YES;
				CLANG_WARN_OBJC_ROOT_CLASS = YES_ERROR;
				CLANG_WARN_UNREACHABLE_CODE = YES;
				CLANG_WARN__DUPLICATE_METHOD_MATCH = YES;
				"CODE_SIGN_IDENTITY[sdk=iphoneos*]" = "iPhone Developer";
				COPY_PHASE_STRIP = NO;
				DEBUG_INFORMATION_FORMAT = "dwarf-with-dsym";
				ENABLE_NS_ASSERTIONS = NO;
				ENABLE_STRICT_OBJC_MSGSEND = YES;
				GCC_C_LANGUAGE_STANDARD = gnu99;
				GCC_NO_COMMON_BLOCKS = YES;
				GCC_WARN_64_TO_32_BIT_CONVERSION = YES;
				GCC_WARN_ABOUT_RETURN_TYPE = YES_ERROR;
				GCC_WARN_UNDECLARED_SELECTOR = YES;
				GCC_WARN_UNINITIALIZED_AUTOS = YES_AGGRESSIVE;
				GCC_WARN_UNUSED_FUNCTION = YES;
				GCC_WARN_UNUSED_VARIABLE = YES;
				IPHONEOS_DEPLOYMENT_TARGET = 9.3;
				MTL_ENABLE_DEBUG_INFO = NO;
				SDKROOT = iphoneos;
				VALIDATE_PRODUCT = YES;
			};
			name = Release;
		};
		997EDD431D2B797900675BC2 /* Debug */ = {
			isa = XCBuildConfiguration;
			buildSettings = {
				OTHER_LDFLAGS = "-ObjC";
				PRODUCT_NAME = "$(TARGET_NAME)";
				SKIP_INSTALL = YES;
			};
			name = Debug;
		};
		997EDD441D2B797900675BC2 /* Release */ = {
			isa = XCBuildConfiguration;
			buildSettings = {
				OTHER_LDFLAGS = "-ObjC";
				PRODUCT_NAME = "$(TARGET_NAME)";
				SKIP_INSTALL = YES;
			};
			name = Release;
		};
/* End XCBuildConfiguration section */

/* Begin XCConfigurationList section */
		997EDD341D2B797900675BC2 /* Build configuration list for PBXProject "FJFQRCode" */ = {
			isa = XCConfigurationList;
			buildConfigurations = (
				997EDD401D2B797900675BC2 /* Debug */,
				997EDD411D2B797900675BC2 /* Release */,
			);
			defaultConfigurationIsVisible = 0;
			defaultConfigurationName = Release;
		};
		997EDD421D2B797900675BC2 /* Build configuration list for PBXNativeTarget "FJFQRCode" */ = {
			isa = XCConfigurationList;
			buildConfigurations = (
				997EDD431D2B797900675BC2 /* Debug */,
				997EDD441D2B797900675BC2 /* Release */,
			);
			defaultConfigurationIsVisible = 0;
		};
/* End XCConfigurationList section */
	};
	rootObject = 997EDD311D2B797900675BC2 /* Project object */;
}
