// !$*UTF8*$!
{
	archiveVersion = 1;
	classes = {
	};
	objectVersion = 46;
	objects = {

/* Begin PBXBuildFile section */
		30DE000C1D4880DF003D3B1B /* main.m in Sources */ = {isa = PBXBuildFile; fileRef = 30DE000B1D4880DF003D3B1B /* main.m */; };
		30DE000F1D4880DF003D3B1B /* AppDelegate.m in Sources */ = {isa = PBXBuildFile; fileRef = 30DE000E1D4880DF003D3B1B /* AppDelegate.m */; };
		30DE00121D4880DF003D3B1B /* ViewController.m in Sources */ = {isa = PBXBuildFile; fileRef = 30DE00111D4880DF003D3B1B /* ViewController.m */; };
		30DE00151D4880DF003D3B1B /* Main.storyboard in Resources */ = {isa = PBXBuildFile; fileRef = 30DE00131D4880DF003D3B1B /* Main.storyboard */; };
		30DE00171D4880DF003D3B1B /* Assets.xcassets in Resources */ = {isa = PBXBuildFile; fileRef = 30DE00161D4880DF003D3B1B /* Assets.xcassets */; };
		30DE001A1D4880DF003D3B1B /* LaunchScreen.storyboard in Resources */ = {isa = PBXBuildFile; fileRef = 30DE00181D4880DF003D3B1B /* LaunchScreen.storyboard */; };
		30DE00251D4880DF003D3B1B /* FJFCachePlayerTests.m in Sources */ = {isa = PBXBuildFile; fileRef = 30DE00241D4880DF003D3B1B /* FJFCachePlayerTests.m */; };
		30DE00301D4880DF003D3B1B /* FJFCachePlayerUITests.m in Sources */ = {isa = PBXBuildFile; fileRef = 30DE002F1D4880DF003D3B1B /* FJFCachePlayerUITests.m */; };
		30DE00421D48837A003D3B1B /* FJFRequestTask.m in Sources */ = {isa = PBXBuildFile; fileRef = 30DE00411D48837A003D3B1B /* FJFRequestTask.m */; };
		30DE00451D488850003D3B1B /* FJFFileHandle.m in Sources */ = {isa = PBXBuildFile; fileRef = 30DE00441D488850003D3B1B /* FJFFileHandle.m */; };
		30DE00481D488BAA003D3B1B /* NSString+FJFFileExtension.m in Sources */ = {isa = PBXBuildFile; fileRef = 30DE00471D488BAA003D3B1B /* NSString+FJFFileExtension.m */; };
/* End PBXBuildFile section */

/* Begin PBXContainerItemProxy section */
		30DE00211D4880DF003D3B1B /* PBXContainerItemProxy */ = {
			isa = PBXContainerItemProxy;
			containerPortal = 30DEFFFF1D4880DF003D3B1B /* Project object */;
			proxyType = 1;
			remoteGlobalIDString = 30DE00061D4880DF003D3B1B;
			remoteInfo = FJFCachePlayer;
		};
		30DE002C1D4880DF003D3B1B /* PBXContainerItemProxy */ = {
			isa = PBXContainerItemProxy;
			containerPortal = 30DEFFFF1D4880DF003D3B1B /* Project object */;
			proxyType = 1;
			remoteGlobalIDString = 30DE00061D4880DF003D3B1B;
			remoteInfo = FJFCachePlayer;
		};
/* End PBXContainerItemProxy section */

/* Begin PBXFileReference section */
		30DE00071D4880DF003D3B1B /* FJFCachePlayer.app */ = {isa = PBXFileReference; explicitFileType = wrapper.application; includeInIndex = 0; path = FJFCachePlayer.app; sourceTree = BUILT_PRODUCTS_DIR; };
		30DE000B1D4880DF003D3B1B /* main.m */ = {isa = PBXFileReference; lastKnownFileType = sourcecode.c.objc; path = main.m; sourceTree = "<group>"; };
		30DE000D1D4880DF003D3B1B /* AppDelegate.h */ = {isa = PBXFileReference; lastKnownFileType = sourcecode.c.h; path = AppDelegate.h; sourceTree = "<group>"; };
		30DE000E1D4880DF003D3B1B /* AppDelegate.m */ = {isa = PBXFileReference; lastKnownFileType = sourcecode.c.objc; path = AppDelegate.m; sourceTree = "<group>"; };
		30DE00101D4880DF003D3B1B /* ViewController.h */ = {isa = PBXFileReference; lastKnownFileType = sourcecode.c.h; path = ViewController.h; sourceTree = "<group>"; };
		30DE00111D4880DF003D3B1B /* ViewController.m */ = {isa = PBXFileReference; lastKnownFileType = sourcecode.c.objc; path = ViewController.m; sourceTree = "<group>"; };
		30DE00141D4880DF003D3B1B /* Base */ = {isa = PBXFileReference; lastKnownFileType = file.storyboard; name = Base; path = Base.lproj/Main.storyboard; sourceTree = "<group>"; };
		30DE00161D4880DF003D3B1B /* Assets.xcassets */ = {isa = PBXFileReference; lastKnownFileType = folder.assetcatalog; path = Assets.xcassets; sourceTree = "<group>"; };
		30DE00191D4880DF003D3B1B /* Base */ = {isa = PBXFileReference; lastKnownFileType = file.storyboard; name = Base; path = Base.lproj/LaunchScreen.storyboard; sourceTree = "<group>"; };
		30DE001B1D4880DF003D3B1B /* Info.plist */ = {isa = PBXFileReference; lastKnownFileType = text.plist.xml; path = Info.plist; sourceTree = "<group>"; };
		30DE00201D4880DF003D3B1B /* FJFCachePlayerTests.xctest */ = {isa = PBXFileReference; explicitFileType = wrapper.cfbundle; includeInIndex = 0; path = FJFCachePlayerTests.xctest; sourceTree = BUILT_PRODUCTS_DIR; };
		30DE00241D4880DF003D3B1B /* FJFCachePlayerTests.m */ = {isa = PBXFileReference; lastKnownFileType = sourcecode.c.objc; path = FJFCachePlayerTests.m; sourceTree = "<group>"; };
		30DE00261D4880DF003D3B1B /* Info.plist */ = {isa = PBXFileReference; lastKnownFileType = text.plist.xml; path = Info.plist; sourceTree = "<group>"; };
		30DE002B1D4880DF003D3B1B /* FJFCachePlayerUITests.xctest */ = {isa = PBXFileReference; explicitFileType = wrapper.cfbundle; includeInIndex = 0; path = FJFCachePlayerUITests.xctest; sourceTree = BUILT_PRODUCTS_DIR; };
		30DE002F1D4880DF003D3B1B /* FJFCachePlayerUITests.m */ = {isa = PBXFileReference; lastKnownFileType = sourcecode.c.objc; path = FJFCachePlayerUITests.m; sourceTree = "<group>"; };
		30DE00311D4880DF003D3B1B /* Info.plist */ = {isa = PBXFileReference; lastKnownFileType = text.plist.xml; path = Info.plist; sourceTree = "<group>"; };
		30DE00401D48837A003D3B1B /* FJFRequestTask.h */ = {isa = PBXFileReference; fileEncoding = 4; lastKnownFileType = sourcecode.c.h; path = FJFRequestTask.h; sourceTree = "<group>"; };
		30DE00411D48837A003D3B1B /* FJFRequestTask.m */ = {isa = PBXFileReference; fileEncoding = 4; lastKnownFileType = sourcecode.c.objc; path = FJFRequestTask.m; sourceTree = "<group>"; };
		30DE00431D488850003D3B1B /* FJFFileHandle.h */ = {isa = PBXFileReference; fileEncoding = 4; lastKnownFileType = sourcecode.c.h; path = FJFFileHandle.h; sourceTree = "<group>"; };
		30DE00441D488850003D3B1B /* FJFFileHandle.m */ = {isa = PBXFileReference; fileEncoding = 4; lastKnownFileType = sourcecode.c.objc; path = FJFFileHandle.m; sourceTree = "<group>"; };
		30DE00461D488BAA003D3B1B /* NSString+FJFFileExtension.h */ = {isa = PBXFileReference; fileEncoding = 4; lastKnownFileType = sourcecode.c.h; path = "NSString+FJFFileExtension.h"; sourceTree = "<group>"; };
		30DE00471D488BAA003D3B1B /* NSString+FJFFileExtension.m */ = {isa = PBXFileReference; fileEncoding = 4; lastKnownFileType = sourcecode.c.objc; path = "NSString+FJFFileExtension.m"; sourceTree = "<group>"; };
/* End PBXFileReference section */

/* Begin PBXFrameworksBuildPhase section */
		30DE00041D4880DF003D3B1B /* Frameworks */ = {
			isa = PBXFrameworksBuildPhase;
			buildActionMask = 2147483647;
			files = (
			);
			runOnlyForDeploymentPostprocessing = 0;
		};
		30DE001D1D4880DF003D3B1B /* Frameworks */ = {
			isa = PBXFrameworksBuildPhase;
			buildActionMask = 2147483647;
			files = (
			);
			runOnlyForDeploymentPostprocessing = 0;
		};
		30DE00281D4880DF003D3B1B /* Frameworks */ = {
			isa = PBXFrameworksBuildPhase;
			buildActionMask = 2147483647;
			files = (
			);
			runOnlyForDeploymentPostprocessing = 0;
		};
/* End PBXFrameworksBuildPhase section */

/* Begin PBXGroup section */
		30DE00081D4880DF003D3B1B /* Products */ = {
			isa = PBXGroup;
			children = (
				30DE00071D4880DF003D3B1B /* FJFCachePlayer.app */,
				30DE00201D4880DF003D3B1B /* FJFCachePlayerTests.xctest */,
				30DE002B1D4880DF003D3B1B /* FJFCachePlayerUITests.xctest */,
			);
			name = Products;
			sourceTree = "<group>";
		};
		30DE00091D4880DF003D3B1B /* FJFCachePlayer */ = {
			isa = PBXGroup;
			children = (
				30DE003D1D488173003D3B1B /* Classes */,
				30DE000D1D4880DF003D3B1B /* AppDelegate.h */,
				30DE000E1D4880DF003D3B1B /* AppDelegate.m */,
				30DE00101D4880DF003D3B1B /* ViewController.h */,
				30DE00111D4880DF003D3B1B /* ViewController.m */,
				30DE00131D4880DF003D3B1B /* Main.storyboard */,
				30DE00161D4880DF003D3B1B /* Assets.xcassets */,
				30DE00181D4880DF003D3B1B /* LaunchScreen.storyboard */,
				30DE001B1D4880DF003D3B1B /* Info.plist */,
				30DE000A1D4880DF003D3B1B /* Supporting Files */,
			);
			path = FJFCachePlayer;
			sourceTree = "<group>";
		};
		30DE000A1D4880DF003D3B1B /* Supporting Files */ = {
			isa = PBXGroup;
			children = (
				30DE000B1D4880DF003D3B1B /* main.m */,
			);
			name = "Supporting Files";
			sourceTree = "<group>";
		};
		30DE00231D4880DF003D3B1B /* FJFCachePlayerTests */ = {
			isa = PBXGroup;
			children = (
				30DE00241D4880DF003D3B1B /* FJFCachePlayerTests.m */,
				30DE00261D4880DF003D3B1B /* Info.plist */,
			);
			path = FJFCachePlayerTests;
			sourceTree = "<group>";
		};
		30DE002E1D4880DF003D3B1B /* FJFCachePlayerUITests */ = {
			isa = PBXGroup;
			children = (
				30DE002F1D4880DF003D3B1B /* FJFCachePlayerUITests.m */,
				30DE00311D4880DF003D3B1B /* Info.plist */,
			);
			path = FJFCachePlayerUITests;
			sourceTree = "<group>";
		};
		30DE003D1D488173003D3B1B /* Classes */ = {
			isa = PBXGroup;
			children = (
				30DE003E1D488173003D3B1B /* Cache/Player */,
				30DE003F1D488173003D3B1B /* Category */,
			);
			path = Classes;
			sourceTree = "<group>";
		};
		30DE003E1D488173003D3B1B /* Cache/Player */ = {
			isa = PBXGroup;
			children = (
				30DE00401D48837A003D3B1B /* FJFRequestTask.h */,
				30DE00411D48837A003D3B1B /* FJFRequestTask.m */,
				30DE00431D488850003D3B1B /* FJFFileHandle.h */,
				30DE00441D488850003D3B1B /* FJFFileHandle.m */,
			);
			name = Cache/Player;
			path = "Cache:Player";
			sourceTree = "<group>";
		};
		30DE003F1D488173003D3B1B /* Category */ = {
			isa = PBXGroup;
			children = (
				30DE00461D488BAA003D3B1B /* NSString+FJFFileExtension.h */,
				30DE00471D488BAA003D3B1B /* NSString+FJFFileExtension.m */,
			);
			path = Category;
			sourceTree = "<group>";
		};
		30DEFFFE1D4880DF003D3B1B = {
			isa = PBXGroup;
			children = (
				30DE00091D4880DF003D3B1B /* FJFCachePlayer */,
				30DE00231D4880DF003D3B1B /* FJFCachePlayerTests */,
				30DE002E1D4880DF003D3B1B /* FJFCachePlayerUITests */,
				30DE00081D4880DF003D3B1B /* Products */,
			);
			sourceTree = "<group>";
		};
/* End PBXGroup section */

/* Begin PBXNativeTarget section */
		30DE00061D4880DF003D3B1B /* FJFCachePlayer */ = {
			isa = PBXNativeTarget;
			buildConfigurationList = 30DE00341D4880DF003D3B1B /* Build configuration list for PBXNativeTarget "FJFCachePlayer" */;
			buildPhases = (
				30DE00031D4880DF003D3B1B /* Sources */,
				30DE00041D4880DF003D3B1B /* Frameworks */,
				30DE00051D4880DF003D3B1B /* Resources */,
			);
			buildRules = (
			);
			dependencies = (
			);
			name = FJFCachePlayer;
			productName = FJFCachePlayer;
			productReference = 30DE00071D4880DF003D3B1B /* FJFCachePlayer.app */;
			productType = "com.apple.product-type.application";
		};
		30DE001F1D4880DF003D3B1B /* FJFCachePlayerTests */ = {
			isa = PBXNativeTarget;
			buildConfigurationList = 30DE00371D4880DF003D3B1B /* Build configuration list for PBXNativeTarget "FJFCachePlayerTests" */;
			buildPhases = (
				30DE001C1D4880DF003D3B1B /* Sources */,
				30DE001D1D4880DF003D3B1B /* Frameworks */,
				30DE001E1D4880DF003D3B1B /* Resources */,
			);
			buildRules = (
			);
			dependencies = (
				30DE00221D4880DF003D3B1B /* PBXTargetDependency */,
			);
			name = FJFCachePlayerTests;
			productName = FJFCachePlayerTests;
			productReference = 30DE00201D4880DF003D3B1B /* FJFCachePlayerTests.xctest */;
			productType = "com.apple.product-type.bundle.unit-test";
		};
		30DE002A1D4880DF003D3B1B /* FJFCachePlayerUITests */ = {
			isa = PBXNativeTarget;
			buildConfigurationList = 30DE003A1D4880DF003D3B1B /* Build configuration list for PBXNativeTarget "FJFCachePlayerUITests" */;
			buildPhases = (
				30DE00271D4880DF003D3B1B /* Sources */,
				30DE00281D4880DF003D3B1B /* Frameworks */,
				30DE00291D4880DF003D3B1B /* Resources */,
			);
			buildRules = (
			);
			dependencies = (
				30DE002D1D4880DF003D3B1B /* PBXTargetDependency */,
			);
			name = FJFCachePlayerUITests;
			productName = FJFCachePlayerUITests;
			productReference = 30DE002B1D4880DF003D3B1B /* FJFCachePlayerUITests.xctest */;
			productType = "com.apple.product-type.bundle.ui-testing";
		};
/* End PBXNativeTarget section */

/* Begin PBXProject section */
		30DEFFFF1D4880DF003D3B1B /* Project object */ = {
			isa = PBXProject;
			attributes = {
				LastUpgradeCheck = 0730;
				ORGANIZATIONNAME = "杭州索那声美科技有限公司";
				TargetAttributes = {
					30DE00061D4880DF003D3B1B = {
						CreatedOnToolsVersion = 7.3;
					};
					30DE001F1D4880DF003D3B1B = {
						CreatedOnToolsVersion = 7.3;
						DevelopmentTeam = 6WA7K389A4;
						TestTargetID = 30DE00061D4880DF003D3B1B;
					};
					30DE002A1D4880DF003D3B1B = {
						CreatedOnToolsVersion = 7.3;
						DevelopmentTeam = 6WA7K389A4;
						TestTargetID = 30DE00061D4880DF003D3B1B;
					};
				};
			};
			buildConfigurationList = 30DE00021D4880DF003D3B1B /* Build configuration list for PBXProject "FJFCachePlayer" */;
			compatibilityVersion = "Xcode 3.2";
			developmentRegion = English;
			hasScannedForEncodings = 0;
			knownRegions = (
				en,
				Base,
			);
			mainGroup = 30DEFFFE1D4880DF003D3B1B;
			productRefGroup = 30DE00081D4880DF003D3B1B /* Products */;
			projectDirPath = "";
			projectRoot = "";
			targets = (
				30DE00061D4880DF003D3B1B /* FJFCachePlayer */,
				30DE001F1D4880DF003D3B1B /* FJFCachePlayerTests */,
				30DE002A1D4880DF003D3B1B /* FJFCachePlayerUITests */,
			);
		};
/* End PBXProject section */

/* Begin PBXResourcesBuildPhase section */
		30DE00051D4880DF003D3B1B /* Resources */ = {
			isa = PBXResourcesBuildPhase;
			buildActionMask = 2147483647;
			files = (
				30DE001A1D4880DF003D3B1B /* LaunchScreen.storyboard in Resources */,
				30DE00171D4880DF003D3B1B /* Assets.xcassets in Resources */,
				30DE00151D4880DF003D3B1B /* Main.storyboard in Resources */,
			);
			runOnlyForDeploymentPostprocessing = 0;
		};
		30DE001E1D4880DF003D3B1B /* Resources */ = {
			isa = PBXResourcesBuildPhase;
			buildActionMask = 2147483647;
			files = (
			);
			runOnlyForDeploymentPostprocessing = 0;
		};
		30DE00291D4880DF003D3B1B /* Resources */ = {
			isa = PBXResourcesBuildPhase;
			buildActionMask = 2147483647;
			files = (
			);
			runOnlyForDeploymentPostprocessing = 0;
		};
/* End PBXResourcesBuildPhase section */

/* Begin PBXSourcesBuildPhase section */
		30DE00031D4880DF003D3B1B /* Sources */ = {
			isa = PBXSourcesBuildPhase;
			buildActionMask = 2147483647;
			files = (
				30DE00121D4880DF003D3B1B /* ViewController.m in Sources */,
				30DE00421D48837A003D3B1B /* FJFRequestTask.m in Sources */,
				30DE000F1D4880DF003D3B1B /* AppDelegate.m in Sources */,
				30DE00451D488850003D3B1B /* FJFFileHandle.m in Sources */,
				30DE00481D488BAA003D3B1B /* NSString+FJFFileExtension.m in Sources */,
				30DE000C1D4880DF003D3B1B /* main.m in Sources */,
			);
			runOnlyForDeploymentPostprocessing = 0;
		};
		30DE001C1D4880DF003D3B1B /* Sources */ = {
			isa = PBXSourcesBuildPhase;
			buildActionMask = 2147483647;
			files = (
				30DE00251D4880DF003D3B1B /* FJFCachePlayerTests.m in Sources */,
			);
			runOnlyForDeploymentPostprocessing = 0;
		};
		30DE00271D4880DF003D3B1B /* Sources */ = {
			isa = PBXSourcesBuildPhase;
			buildActionMask = 2147483647;
			files = (
				30DE00301D4880DF003D3B1B /* FJFCachePlayerUITests.m in Sources */,
			);
			runOnlyForDeploymentPostprocessing = 0;
		};
/* End PBXSourcesBuildPhase section */

/* Begin PBXTargetDependency section */
		30DE00221D4880DF003D3B1B /* PBXTargetDependency */ = {
			isa = PBXTargetDependency;
			target = 30DE00061D4880DF003D3B1B /* FJFCachePlayer */;
			targetProxy = 30DE00211D4880DF003D3B1B /* PBXContainerItemProxy */;
		};
		30DE002D1D4880DF003D3B1B /* PBXTargetDependency */ = {
			isa = PBXTargetDependency;
			target = 30DE00061D4880DF003D3B1B /* FJFCachePlayer */;
			targetProxy = 30DE002C1D4880DF003D3B1B /* PBXContainerItemProxy */;
		};
/* End PBXTargetDependency section */

/* Begin PBXVariantGroup section */
		30DE00131D4880DF003D3B1B /* Main.storyboard */ = {
			isa = PBXVariantGroup;
			children = (
				30DE00141D4880DF003D3B1B /* Base */,
			);
			name = Main.storyboard;
			sourceTree = "<group>";
		};
		30DE00181D4880DF003D3B1B /* LaunchScreen.storyboard */ = {
			isa = PBXVariantGroup;
			children = (
				30DE00191D4880DF003D3B1B /* Base */,
			);
			name = LaunchScreen.storyboard;
			sourceTree = "<group>";
		};
/* End PBXVariantGroup section */

/* Begin XCBuildConfiguration section */
		30DE00321D4880DF003D3B1B /* Debug */ = {
			isa = XCBuildConfiguration;
			buildSettings = {
				ALWAYS_SEARCH_USER_PATHS = NO;
				CLANG_ANALYZER_NONNULL = YES;
				CLANG_CXX_LANGUAGE_STANDARD = "gnu++0x";
				CLANG_CXX_LIBRARY = "libc++";
				CLANG_ENABLE_MODULES = YES;
				CLANG_ENABLE_OBJC_ARC = YES;
				CLANG_WARN_BOOL_CONVERSION = YES;
				CLANG_WARN_CONSTANT_CONVERSION = YES;
				CLANG_WARN_DIRECT_OBJC_ISA_USAGE = YES_ERROR;
				CLANG_WARN_EMPTY_BODY = YES;
				CLANG_WARN_ENUM_CONVERSION = YES;
				CLANG_WARN_INT_CONVERSION = YES;
				CLANG_WARN_OBJC_ROOT_CLASS = YES_ERROR;
				CLANG_WARN_UNREACHABLE_CODE = YES;
				CLANG_WARN__DUPLICATE_METHOD_MATCH = YES;
				"CODE_SIGN_IDENTITY[sdk=iphoneos*]" = "iPhone Developer";
				COPY_PHASE_STRIP = NO;
				DEBUG_INFORMATION_FORMAT = dwarf;
				ENABLE_STRICT_OBJC_MSGSEND = YES;
				ENABLE_TESTABILITY = YES;
				GCC_C_LANGUAGE_STANDARD = gnu99;
				GCC_DYNAMIC_NO_PIC = NO;
				GCC_NO_COMMON_BLOCKS = YES;
				GCC_OPTIMIZATION_LEVEL = 0;
				GCC_PREPROCESSOR_DEFINITIONS = (
					"DEBUG=1",
					"$(inherited)",
				);
				GCC_WARN_64_TO_32_BIT_CONVERSION = YES;
				GCC_WARN_ABOUT_RETURN_TYPE = YES_ERROR;
				GCC_WARN_UNDECLARED_SELECTOR = YES;
				GCC_WARN_UNINITIALIZED_AUTOS = YES_AGGRESSIVE;
				GCC_WARN_UNUSED_FUNCTION = YES;
				GCC_WARN_UNUSED_VARIABLE = YES;
				IPHONEOS_DEPLOYMENT_TARGET = 9.3;
				MTL_ENABLE_DEBUG_INFO = YES;
				ONLY_ACTIVE_ARCH = YES;
				SDKROOT = iphoneos;
			};
			name = Debug;
		};
		30DE00331D4880DF003D3B1B /* Release */ = {
			isa = XCBuildConfiguration;
			buildSettings = {
				ALWAYS_SEARCH_USER_PATHS = NO;
				CLANG_ANALYZER_NONNULL = YES;
				CLANG_CXX_LANGUAGE_STANDARD = "gnu++0x";
				CLANG_CXX_LIBRARY = "libc++";
				CLANG_ENABLE_MODULES = YES;
				CLANG_ENABLE_OBJC_ARC = YES;
				CLANG_WARN_BOOL_CONVERSION = YES;
				CLANG_WARN_CONSTANT_CONVERSION = YES;
				CLANG_WARN_DIRECT_OBJC_ISA_USAGE = YES_ERROR;
				CLANG_WARN_EMPTY_BODY = YES;
				CLANG_WARN_ENUM_CONVERSION = YES;
				CLANG_WARN_INT_CONVERSION = YES;
				CLANG_WARN_OBJC_ROOT_CLASS = YES_ERROR;
				CLANG_WARN_UNREACHABLE_CODE = YES;
				CLANG_WARN__DUPLICATE_METHOD_MATCH = YES;
				"CODE_SIGN_IDENTITY[sdk=iphoneos*]" = "iPhone Developer";
				COPY_PHASE_STRIP = NO;
				DEBUG_INFORMATION_FORMAT = "dwarf-with-dsym";
				ENABLE_NS_ASSERTIONS = NO;
				ENABLE_STRICT_OBJC_MSGSEND = YES;
				GCC_C_LANGUAGE_STANDARD = gnu99;
				GCC_NO_COMMON_BLOCKS = YES;
				GCC_WARN_64_TO_32_BIT_CONVERSION = YES;
				GCC_WARN_ABOUT_RETURN_TYPE = YES_ERROR;
				GCC_WARN_UNDECLARED_SELECTOR = YES;
				GCC_WARN_UNINITIALIZED_AUTOS = YES_AGGRESSIVE;
				GCC_WARN_UNUSED_FUNCTION = YES;
				GCC_WARN_UNUSED_VARIABLE = YES;
				IPHONEOS_DEPLOYMENT_TARGET = 9.3;
				MTL_ENABLE_DEBUG_INFO = NO;
				SDKROOT = iphoneos;
				VALIDATE_PRODUCT = YES;
			};
			name = Release;
		};
		30DE00351D4880DF003D3B1B /* Debug */ = {
			isa = XCBuildConfiguration;
			buildSettings = {
				ASSETCATALOG_COMPILER_APPICON_NAME = AppIcon;
				CODE_SIGN_IDENTITY = "iPhone Developer";
				INFOPLIST_FILE = FJFCachePlayer/Info.plist;
				IPHONEOS_DEPLOYMENT_TARGET = 9.0;
				LD_RUNPATH_SEARCH_PATHS = "$(inherited) @executable_path/Frameworks";
				PRODUCT_BUNDLE_IDENTIFIER = FJF.FJFCachePlayer;
				PRODUCT_NAME = "$(TARGET_NAME)";
			};
			name = Debug;
		};
		30DE00361D4880DF003D3B1B /* Release */ = {
			isa = XCBuildConfiguration;
			buildSettings = {
				ASSETCATALOG_COMPILER_APPICON_NAME = AppIcon;
				CODE_SIGN_IDENTITY = "iPhone Developer";
				INFOPLIST_FILE = FJFCachePlayer/Info.plist;
				IPHONEOS_DEPLOYMENT_TARGET = 9.0;
				LD_RUNPATH_SEARCH_PATHS = "$(inherited) @executable_path/Frameworks";
				PRODUCT_BUNDLE_IDENTIFIER = FJF.FJFCachePlayer;
				PRODUCT_NAME = "$(TARGET_NAME)";
			};
			name = Release;
		};
		30DE00381D4880DF003D3B1B /* Debug */ = {
			isa = XCBuildConfiguration;
			buildSettings = {
				BUNDLE_LOADER = "$(TEST_HOST)";
				INFOPLIST_FILE = FJFCachePlayerTests/Info.plist;
				LD_RUNPATH_SEARCH_PATHS = "$(inherited) @executable_path/Frameworks @loader_path/Frameworks";
				PRODUCT_BUNDLE_IDENTIFIER = FJF.FJFCachePlayerTests;
				PRODUCT_NAME = "$(TARGET_NAME)";
				TEST_HOST = "$(BUILT_PRODUCTS_DIR)/FJFCachePlayer.app/FJFCachePlayer";
			};
			name = Debug;
		};
		30DE00391D4880DF003D3B1B /* Release */ = {
			isa = XCBuildConfiguration;
			buildSettings = {
				BUNDLE_LOADER = "$(TEST_HOST)";
				INFOPLIST_FILE = FJFCachePlayerTests/Info.plist;
				LD_RUNPATH_SEARCH_PATHS = "$(inherited) @executable_path/Frameworks @loader_path/Frameworks";
				PRODUCT_BUNDLE_IDENTIFIER = FJF.FJFCachePlayerTests;
				PRODUCT_NAME = "$(TARGET_NAME)";
				TEST_HOST = "$(BUILT_PRODUCTS_DIR)/FJFCachePlayer.app/FJFCachePlayer";
			};
			name = Release;
		};
		30DE003B1D4880DF003D3B1B /* Debug */ = {
			isa = XCBuildConfiguration;
			buildSettings = {
				INFOPLIST_FILE = FJFCachePlayerUITests/Info.plist;
				LD_RUNPATH_SEARCH_PATHS = "$(inherited) @executable_path/Frameworks @loader_path/Frameworks";
				PRODUCT_BUNDLE_IDENTIFIER = FJF.FJFCachePlayerUITests;
				PRODUCT_NAME = "$(TARGET_NAME)";
				TEST_TARGET_NAME = FJFCachePlayer;
			};
			name = Debug;
		};
		30DE003C1D4880DF003D3B1B /* Release */ = {
			isa = XCBuildConfiguration;
			buildSettings = {
				INFOPLIST_FILE = FJFCachePlayerUITests/Info.plist;
				LD_RUNPATH_SEARCH_PATHS = "$(inherited) @executable_path/Frameworks @loader_path/Frameworks";
				PRODUCT_BUNDLE_IDENTIFIER = FJF.FJFCachePlayerUITests;
				PRODUCT_NAME = "$(TARGET_NAME)";
				TEST_TARGET_NAME = FJFCachePlayer;
			};
			name = Release;
		};
/* End XCBuildConfiguration section */

/* Begin XCConfigurationList section */
		30DE00021D4880DF003D3B1B /* Build configuration list for PBXProject "FJFCachePlayer" */ = {
			isa = XCConfigurationList;
			buildConfigurations = (
				30DE00321D4880DF003D3B1B /* Debug */,
				30DE00331D4880DF003D3B1B /* Release */,
			);
			defaultConfigurationIsVisible = 0;
			defaultConfigurationName = Release;
		};
		30DE00341D4880DF003D3B1B /* Build configuration list for PBXNativeTarget "FJFCachePlayer" */ = {
			isa = XCConfigurationList;
			buildConfigurations = (
				30DE00351D4880DF003D3B1B /* Debug */,
				30DE00361D4880DF003D3B1B /* Release */,
			);
			defaultConfigurationIsVisible = 0;
			defaultConfigurationName = Release;
		};
		30DE00371D4880DF003D3B1B /* Build configuration list for PBXNativeTarget "FJFCachePlayerTests" */ = {
			isa = XCConfigurationList;
			buildConfigurations = (
				30DE00381D4880DF003D3B1B /* Debug */,
				30DE00391D4880DF003D3B1B /* Release */,
			);
			defaultConfigurationIsVisible = 0;
			defaultConfigurationName = Release;
		};
		30DE003A1D4880DF003D3B1B /* Build configuration list for PBXNativeTarget "FJFCachePlayerUITests" */ = {
			isa = XCConfigurationList;
			buildConfigurations = (
				30DE003B1D4880DF003D3B1B /* Debug */,
				30DE003C1D4880DF003D3B1B /* Release */,
			);
			defaultConfigurationIsVisible = 0;
			defaultConfigurationName = Release;
		};
/* End XCConfigurationList section */
	};
	rootObject = 30DEFFFF1D4880DF003D3B1B /* Project object */;
}
