// !$*UTF8*$!
{
	archiveVersion = 1;
	classes = {
	};
	objectVersion = 46;
	objects = {

/* Begin PBXBuildFile section */
		99561CEE1D2CACA800FD9A42 /* FJFNetWorkManager.h in CopyFiles */ = {isa = PBXBuildFile; fileRef = 99561CED1D2CACA800FD9A42 /* FJFNetWorkManager.h */; };
		99561CF01D2CACA800FD9A42 /* FJFNetWorkManager.m in Sources */ = {isa = PBXBuildFile; fileRef = 99561CEF1D2CACA800FD9A42 /* FJFNetWorkManager.m */; };
		99561CFA1D2CB1F900FD9A42 /* libPods-FJFCollector.a in Frameworks */ = {isa = PBXBuildFile; fileRef = 99561CF91D2CB1F900FD9A42 /* libPods-FJFCollector.a */; };
/* End PBXBuildFile section */

/* Begin PBXCopyFilesBuildPhase section */
		99561CE81D2CACA800FD9A42 /* CopyFiles */ = {
			isa = PBXCopyFilesBuildPhase;
			buildActionMask = 2147483647;
			dstPath = "include/$(PRODUCT_NAME)";
			dstSubfolderSpec = 16;
			files = (
				99561CEE1D2CACA800FD9A42 /* FJFNetWorkManager.h in CopyFiles */,
			);
			runOnlyForDeploymentPostprocessing = 0;
		};
/* End PBXCopyFilesBuildPhase section */

/* Begin PBXFileReference section */
		99561CEA1D2CACA800FD9A42 /* libFJFNetWorkManager.a */ = {isa = PBXFileReference; explicitFileType = archive.ar; includeInIndex = 0; path = libFJFNetWorkManager.a; sourceTree = BUILT_PRODUCTS_DIR; };
		99561CED1D2CACA800FD9A42 /* FJFNetWorkManager.h */ = {isa = PBXFileReference; lastKnownFileType = sourcecode.c.h; path = FJFNetWorkManager.h; sourceTree = "<group>"; };
		99561CEF1D2CACA800FD9A42 /* FJFNetWorkManager.m */ = {isa = PBXFileReference; lastKnownFileType = sourcecode.c.objc; path = FJFNetWorkManager.m; sourceTree = "<group>"; };
		99561CF61D2CACD300FD9A42 /* Singleton.h */ = {isa = PBXFileReference; fileEncoding = 4; lastKnownFileType = sourcecode.c.h; path = Singleton.h; sourceTree = "<group>"; };
		99561CF91D2CB1F900FD9A42 /* libPods-FJFCollector.a */ = {isa = PBXFileReference; lastKnownFileType = archive.ar; name = "libPods-FJFCollector.a"; path = "/Users/sonasona/Desktop/MyWorkSpace/MyGitHub/FJFCollector/Pods/../build/Debug-iphoneos/libPods-FJFCollector.a"; sourceTree = "<absolute>"; };
/* End PBXFileReference section */

/* Begin PBXFrameworksBuildPhase section */
		99561CE71D2CACA800FD9A42 /* Frameworks */ = {
			isa = PBXFrameworksBuildPhase;
			buildActionMask = 2147483647;
			files = (
				99561CFA1D2CB1F900FD9A42 /* libPods-FJFCollector.a in Frameworks */,
			);
			runOnlyForDeploymentPostprocessing = 0;
		};
/* End PBXFrameworksBuildPhase section */

/* Begin PBXGroup section */
		99561CE11D2CACA700FD9A42 = {
			isa = PBXGroup;
			children = (
				99561CF91D2CB1F900FD9A42 /* libPods-FJFCollector.a */,
				99561CEC1D2CACA800FD9A42 /* FJFNetWorkManager */,
				99561CEB1D2CACA800FD9A42 /* Products */,
			);
			sourceTree = "<group>";
		};
		99561CEB1D2CACA800FD9A42 /* Products */ = {
			isa = PBXGroup;
			children = (
				99561CEA1D2CACA800FD9A42 /* libFJFNetWorkManager.a */,
			);
			name = Products;
			sourceTree = "<group>";
		};
		99561CEC1D2CACA800FD9A42 /* FJFNetWorkManager */ = {
			isa = PBXGroup;
			children = (
				99561CED1D2CACA800FD9A42 /* FJFNetWorkManager.h */,
				99561CEF1D2CACA800FD9A42 /* FJFNetWorkManager.m */,
				99561CF61D2CACD300FD9A42 /* Singleton.h */,
			);
			path = FJFNetWorkManager;
			sourceTree = "<group>";
		};
/* End PBXGroup section */

/* Begin PBXNativeTarget section */
		99561CE91D2CACA800FD9A42 /* FJFNetWorkManager */ = {
			isa = PBXNativeTarget;
			buildConfigurationList = 99561CF31D2CACA800FD9A42 /* Build configuration list for PBXNativeTarget "FJFNetWorkManager" */;
			buildPhases = (
				99561CE61D2CACA800FD9A42 /* Sources */,
				99561CE71D2CACA800FD9A42 /* Frameworks */,
				99561CE81D2CACA800FD9A42 /* CopyFiles */,
			);
			buildRules = (
			);
			dependencies = (
			);
			name = FJFNetWorkManager;
			productName = FJFNetWorkManager;
			productReference = 99561CEA1D2CACA800FD9A42 /* libFJFNetWorkManager.a */;
			productType = "com.apple.product-type.library.static";
		};
/* End PBXNativeTarget section */

/* Begin PBXProject section */
		99561CE21D2CACA700FD9A42 /* Project object */ = {
			isa = PBXProject;
			attributes = {
				LastUpgradeCheck = 0730;
				ORGANIZATIONNAME = FJF;
				TargetAttributes = {
					99561CE91D2CACA800FD9A42 = {
						CreatedOnToolsVersion = 7.3;
						DevelopmentTeam = 6WA7K389A4;
					};
				};
			};
			buildConfigurationList = 99561CE51D2CACA700FD9A42 /* Build configuration list for PBXProject "FJFNetWorkManager" */;
			compatibilityVersion = "Xcode 3.2";
			developmentRegion = English;
			hasScannedForEncodings = 0;
			knownRegions = (
				en,
			);
			mainGroup = 99561CE11D2CACA700FD9A42;
			productRefGroup = 99561CEB1D2CACA800FD9A42 /* Products */;
			projectDirPath = "";
			projectRoot = "";
			targets = (
				99561CE91D2CACA800FD9A42 /* FJFNetWorkManager */,
			);
		};
/* End PBXProject section */

/* Begin PBXSourcesBuildPhase section */
		99561CE61D2CACA800FD9A42 /* Sources */ = {
			isa = PBXSourcesBuildPhase;
			buildActionMask = 2147483647;
			files = (
				99561CF01D2CACA800FD9A42 /* FJFNetWorkManager.m in Sources */,
			);
			runOnlyForDeploymentPostprocessing = 0;
		};
/* End PBXSourcesBuildPhase section */

/* Begin XCBuildConfiguration section */
		99561CF11D2CACA800FD9A42 /* Debug */ = {
			isa = XCBuildConfiguration;
			buildSettings = {
				ALWAYS_SEARCH_USER_PATHS = NO;
				CLANG_ANALYZER_NONNULL = YES;
				CLANG_CXX_LANGUAGE_STANDARD = "gnu++0x";
				CLANG_CXX_LIBRARY = "libc++";
				CLANG_ENABLE_MODULES = YES;
				CLANG_ENABLE_OBJC_ARC = YES;
				CLANG_WARN_BOOL_CONVERSION = YES;
				CLANG_WARN_CONSTANT_CONVERSION = YES;
				CLANG_WARN_DIRECT_OBJC_ISA_USAGE = YES_ERROR;
				CLANG_WARN_EMPTY_BODY = YES;
				CLANG_WARN_ENUM_CONVERSION = YES;
				CLANG_WARN_INT_CONVERSION = YES;
				CLANG_WARN_OBJC_ROOT_CLASS = YES_ERROR;
				CLANG_WARN_UNREACHABLE_CODE = YES;
				CLANG_WARN__DUPLICATE_METHOD_MATCH = YES;
				"CODE_SIGN_IDENTITY[sdk=iphoneos*]" = "iPhone Developer";
				COPY_PHASE_STRIP = NO;
				DEBUG_INFORMATION_FORMAT = dwarf;
				ENABLE_STRICT_OBJC_MSGSEND = YES;
				ENABLE_TESTABILITY = YES;
				GCC_C_LANGUAGE_STANDARD = gnu99;
				GCC_DYNAMIC_NO_PIC = NO;
				GCC_NO_COMMON_BLOCKS = YES;
				GCC_OPTIMIZATION_LEVEL = 0;
				GCC_PREPROCESSOR_DEFINITIONS = (
					"DEBUG=1",
					"$(inherited)",
				);
				GCC_WARN_64_TO_32_BIT_CONVERSION = YES;
				GCC_WARN_ABOUT_RETURN_TYPE = YES_ERROR;
				GCC_WARN_UNDECLARED_SELECTOR = YES;
				GCC_WARN_UNINITIALIZED_AUTOS = YES_AGGRESSIVE;
				GCC_WARN_UNUSED_FUNCTION = YES;
				GCC_WARN_UNUSED_VARIABLE = YES;
				IPHONEOS_DEPLOYMENT_TARGET = 9.3;
				MTL_ENABLE_DEBUG_INFO = YES;
				ONLY_ACTIVE_ARCH = YES;
				SDKROOT = iphoneos;
			};
			name = Debug;
		};
		99561CF21D2CACA800FD9A42 /* Release */ = {
			isa = XCBuildConfiguration;
			buildSettings = {
				ALWAYS_SEARCH_USER_PATHS = NO;
				CLANG_ANALYZER_NONNULL = YES;
				CLANG_CXX_LANGUAGE_STANDARD = "gnu++0x";
				CLANG_CXX_LIBRARY = "libc++";
				CLANG_ENABLE_MODULES = YES;
				CLANG_ENABLE_OBJC_ARC = YES;
				CLANG_WARN_BOOL_CONVERSION = YES;
				CLANG_WARN_CONSTANT_CONVERSION = YES;
				CLANG_WARN_DIRECT_OBJC_ISA_USAGE = YES_ERROR;
				CLANG_WARN_EMPTY_BODY = YES;
				CLANG_WARN_ENUM_CONVERSION = YES;
				CLANG_WARN_INT_CONVERSION = YES;
				CLANG_WARN_OBJC_ROOT_CLASS = YES_ERROR;
				CLANG_WARN_UNREACHABLE_CODE = YES;
				CLANG_WARN__DUPLICATE_METHOD_MATCH = YES;
				"CODE_SIGN_IDENTITY[sdk=iphoneos*]" = "iPhone Developer";
				COPY_PHASE_STRIP = NO;
				DEBUG_INFORMATION_FORMAT = "dwarf-with-dsym";
				ENABLE_NS_ASSERTIONS = NO;
				ENABLE_STRICT_OBJC_MSGSEND = YES;
				GCC_C_LANGUAGE_STANDARD = gnu99;
				GCC_NO_COMMON_BLOCKS = YES;
				GCC_WARN_64_TO_32_BIT_CONVERSION = YES;
				GCC_WARN_ABOUT_RETURN_TYPE = YES_ERROR;
				GCC_WARN_UNDECLARED_SELECTOR = YES;
				GCC_WARN_UNINITIALIZED_AUTOS = YES_AGGRESSIVE;
				GCC_WARN_UNUSED_FUNCTION = YES;
				GCC_WARN_UNUSED_VARIABLE = YES;
				IPHONEOS_DEPLOYMENT_TARGET = 9.3;
				MTL_ENABLE_DEBUG_INFO = NO;
				SDKROOT = iphoneos;
				VALIDATE_PRODUCT = YES;
			};
			name = Release;
		};
		99561CF41D2CACA800FD9A42 /* Debug */ = {
			isa = XCBuildConfiguration;
			buildSettings = {
				HEADER_SEARCH_PATHS = "\"${PODS_ROOT}/Headers/Public/AFNetworking\"";
				LIBRARY_SEARCH_PATHS = "\"$PODS_CONFIGURATION_BUILD_DIR/AFNetworking\"";
				OTHER_LDFLAGS = (
					"-ObjC",
					"-l\"AFNetworking\"",
				);
				PRODUCT_NAME = "$(TARGET_NAME)";
				SKIP_INSTALL = YES;
			};
			name = Debug;
		};
		99561CF51D2CACA800FD9A42 /* Release */ = {
			isa = XCBuildConfiguration;
			buildSettings = {
				HEADER_SEARCH_PATHS = "\"${PODS_ROOT}/Headers/Public/AFNetworking\"";
				LIBRARY_SEARCH_PATHS = "\"$PODS_CONFIGURATION_BUILD_DIR/AFNetworking\"";
				OTHER_LDFLAGS = (
					"-ObjC",
					"-l\"AFNetworking\"",
				);
				PRODUCT_NAME = "$(TARGET_NAME)";
				SKIP_INSTALL = YES;
			};
			name = Release;
		};
/* End XCBuildConfiguration section */

/* Begin XCConfigurationList section */
		99561CE51D2CACA700FD9A42 /* Build configuration list for PBXProject "FJFNetWorkManager" */ = {
			isa = XCConfigurationList;
			buildConfigurations = (
				99561CF11D2CACA800FD9A42 /* Debug */,
				99561CF21D2CACA800FD9A42 /* Release */,
			);
			defaultConfigurationIsVisible = 0;
			defaultConfigurationName = Release;
		};
		99561CF31D2CACA800FD9A42 /* Build configuration list for PBXNativeTarget "FJFNetWorkManager" */ = {
			isa = XCConfigurationList;
			buildConfigurations = (
				99561CF41D2CACA800FD9A42 /* Debug */,
				99561CF51D2CACA800FD9A42 /* Release */,
			);
			defaultConfigurationIsVisible = 0;
		};
/* End XCConfigurationList section */
	};
	rootObject = 99561CE21D2CACA700FD9A42 /* Project object */;
}
